
Microsoft Visual Studio Solution File, Format Version 12.00
# Visual Studio Version 17
VisualStudioVersion = 17.5.2.0
MinimumVisualStudioVersion = 10.0.40219.1
Project("{FAE04EC0-301F-11D3-BF4B-00C04F79EFBC}") = "Aula01_SintaxeBasica", "Aula01_SintaxeBasica\Aula01_SintaxeBasica.csproj", "{32B9FA1F-A8A9-0248-CEB0-F79EE195BA7B}"
EndProject
Project("{FAE04EC0-301F-11D3-BF4B-00C04F79EFBC}") = "Aula02_Variaveis", "Aula02_Variaveis\Aula02_Variaveis.csproj", "{2FBD1A71-4818-D29B-D7BB-4443D5F08E6B}"
EndProject
Project("{FAE04EC0-301F-11D3-BF4B-00C04F79EFBC}") = "Aula03_InputOutput", "Aula03_InputOutput\Aula03_InputOutput.csproj", "{0664276B-EF1E-4B58-87A0-F9355BCCC937}"
EndProject
Project("{FAE04EC0-301F-11D3-BF4B-00C04F79EFBC}") = "Aula04_OperadoresAritmeticos", "Aula04_OperadoresAritmeticos\Aula04_OperadoresAritmeticos.csproj", "{A5C9EDEE-D556-420A-97F2-F2735E93437F}"
EndProject
Global
	GlobalSection(SolutionConfigurationPlatforms) = preSolution
		Debug|Any CPU = Debug|Any CPU
		Debug|x64 = Debug|x64
		Debug|x86 = Debug|x86
		Release|Any CPU = Release|Any CPU
		Release|x64 = Release|x64
		Release|x86 = Release|x86
	EndGlobalSection
	GlobalSection(ProjectConfigurationPlatforms) = postSolution
		{32B9FA1F-A8A9-0248-CEB0-F79EE195BA7B}.Debug|Any CPU.ActiveCfg = Debug|Any CPU
		{32B9FA1F-A8A9-0248-CEB0-F79EE195BA7B}.Debug|Any CPU.Build.0 = Debug|Any CPU
		{32B9FA1F-A8A9-0248-CEB0-F79EE195BA7B}.Debug|x64.ActiveCfg = Debug|Any CPU
		{32B9FA1F-A8A9-0248-CEB0-F79EE195BA7B}.Debug|x64.Build.0 = Debug|Any CPU
		{32B9FA1F-A8A9-0248-CEB0-F79EE195BA7B}.Debug|x86.ActiveCfg = Debug|Any CPU
		{32B9FA1F-A8A9-0248-CEB0-F79EE195BA7B}.Debug|x86.Build.0 = Debug|Any CPU
		{32B9FA1F-A8A9-0248-CEB0-F79EE195BA7B}.Release|Any CPU.ActiveCfg = Release|Any CPU
		{32B9FA1F-A8A9-0248-CEB0-F79EE195BA7B}.Release|Any CPU.Build.0 = Release|Any CPU
		{32B9FA1F-A8A9-0248-CEB0-F79EE195BA7B}.Release|x64.ActiveCfg = Release|Any CPU
		{32B9FA1F-A8A9-0248-CEB0-F79EE195BA7B}.Release|x64.Build.0 = Release|Any CPU
		{32B9FA1F-A8A9-0248-CEB0-F79EE195BA7B}.Release|x86.ActiveCfg = Release|Any CPU
		{32B9FA1F-A8A9-0248-CEB0-F79EE195BA7B}.Release|x86.Build.0 = Release|Any CPU
		{2FBD1A71-4818-D29B-D7BB-4443D5F08E6B}.Debug|Any CPU.ActiveCfg = Debug|Any CPU
		{2FBD1A71-4818-D29B-D7BB-4443D5F08E6B}.Debug|Any CPU.Build.0 = Debug|Any CPU
		{2FBD1A71-4818-D29B-D7BB-4443D5F08E6B}.Debug|x64.ActiveCfg = Debug|Any CPU
		{2FBD1A71-4818-D29B-D7BB-4443D5F08E6B}.Debug|x64.Build.0 = Debug|Any CPU
		{2FBD1A71-4818-D29B-D7BB-4443D5F08E6B}.Debug|x86.ActiveCfg = Debug|Any CPU
		{2FBD1A71-4818-D29B-D7BB-4443D5F08E6B}.Debug|x86.Build.0 = Debug|Any CPU
		{2FBD1A71-4818-D29B-D7BB-4443D5F08E6B}.Release|Any CPU.ActiveCfg = Release|Any CPU
		{2FBD1A71-4818-D29B-D7BB-4443D5F08E6B}.Release|Any CPU.Build.0 = Release|Any CPU
		{2FBD1A71-4818-D29B-D7BB-4443D5F08E6B}.Release|x64.ActiveCfg = Release|Any CPU
		{2FBD1A71-4818-D29B-D7BB-4443D5F08E6B}.Release|x64.Build.0 = Release|Any CPU
		{2FBD1A71-4818-D29B-D7BB-4443D5F08E6B}.Release|x86.ActiveCfg = Release|Any CPU
		{2FBD1A71-4818-D29B-D7BB-4443D5F08E6B}.Release|x86.Build.0 = Release|Any CPU
		{0664276B-EF1E-4B58-87A0-F9355BCCC937}.Debug|Any CPU.ActiveCfg = Debug|Any CPU
		{0664276B-EF1E-4B58-87A0-F9355BCCC937}.Debug|Any CPU.Build.0 = Debug|Any CPU
		{0664276B-EF1E-4B58-87A0-F9355BCCC937}.Debug|x64.ActiveCfg = Debug|Any CPU
		{0664276B-EF1E-4B58-87A0-F9355BCCC937}.Debug|x64.Build.0 = Debug|Any CPU
		{0664276B-EF1E-4B58-87A0-F9355BCCC937}.Debug|x86.ActiveCfg = Debug|Any CPU
		{0664276B-EF1E-4B58-87A0-F9355BCCC937}.Debug|x86.Build.0 = Debug|Any CPU
		{0664276B-EF1E-4B58-87A0-F9355BCCC937}.Release|Any CPU.ActiveCfg = Release|Any CPU
		{0664276B-EF1E-4B58-87A0-F9355BCCC937}.Release|Any CPU.Build.0 = Release|Any CPU
		{0664276B-EF1E-4B58-87A0-F9355BCCC937}.Release|x64.ActiveCfg = Release|Any CPU
		{0664276B-EF1E-4B58-87A0-F9355BCCC937}.Release|x64.Build.0 = Release|Any CPU
		{0664276B-EF1E-4B58-87A0-F9355BCCC937}.Release|x86.ActiveCfg = Release|Any CPU
		{0664276B-EF1E-4B58-87A0-F9355BCCC937}.Release|x86.Build.0 = Release|Any CPU
		{A5C9EDEE-D556-420A-97F2-F2735E93437F}.Debug|Any CPU.ActiveCfg = Debug|Any CPU
		{A5C9EDEE-D556-420A-97F2-F2735E93437F}.Debug|Any CPU.Build.0 = Debug|Any CPU
		{A5C9EDEE-D556-420A-97F2-F2735E93437F}.Debug|x64.ActiveCfg = Debug|Any CPU
		{A5C9EDEE-D556-420A-97F2-F2735E93437F}.Debug|x64.Build.0 = Debug|Any CPU
		{A5C9EDEE-D556-420A-97F2-F2735E93437F}.Debug|x86.ActiveCfg = Debug|Any CPU
		{A5C9EDEE-D556-420A-97F2-F2735E93437F}.Debug|x86.Build.0 = Debug|Any CPU
		{A5C9EDEE-D556-420A-97F2-F2735E93437F}.Release|Any CPU.ActiveCfg = Release|Any CPU
		{A5C9EDEE-D556-420A-97F2-F2735E93437F}.Release|Any CPU.Build.0 = Release|Any CPU
		{A5C9EDEE-D556-420A-97F2-F2735E93437F}.Release|x64.ActiveCfg = Release|Any CPU
		{A5C9EDEE-D556-420A-97F2-F2735E93437F}.Release|x64.Build.0 = Release|Any CPU
		{A5C9EDEE-D556-420A-97F2-F2735E93437F}.Release|x86.ActiveCfg = Release|Any CPU
		{A5C9EDEE-D556-420A-97F2-F2735E93437F}.Release|x86.Build.0 = Release|Any CPU
	EndGlobalSection
	GlobalSection(SolutionProperties) = preSolution
		HideSolutionNode = FALSE
	EndGlobalSection
	GlobalSection(ExtensibilityGlobals) = postSolution
		SolutionGuid = {BC01D92C-87C1-4B3D-AB1A-AC642E45BEAD}
	EndGlobalSection
EndGlobal
